
Microsoft Visual Studio Solution File, Format Version 12.00
# Visual Studio Version 17
VisualStudioVersion = 17.14.36518.9 d17.14
MinimumVisualStudioVersion = 10.0.40219.1
Project("{8BC9CEB8-8B4A-11D0-8D11-00A0C91BC942}") = "ssl_crow", "ssl_crow\ssl_crow.vcxproj", "{338F85B9-D1BD-4B00-AD85-121BCF7EC6CA}"
EndProject
Project("{8BC9CEB8-8B4A-11D0-8D11-00A0C91BC942}") = "crow_ssl_jwt", "crow_ssl_jwt\crow_ssl_jwt.vcxproj", "{4BD4934F-27DE-4E6B-A3AB-DAC5DE86312E}"
EndProject
Global
	GlobalSection(SolutionConfigurationPlatforms) = preSolution
		Debug|x64 = Debug|x64
		Debug|x86 = Debug|x86
		Release|x64 = Release|x64
		Release|x86 = Release|x86
	EndGlobalSection
	GlobalSection(ProjectConfigurationPlatforms) = postSolution
		{338F85B9-D1BD-4B00-AD85-121BCF7EC6CA}.Debug|x64.ActiveCfg = Debug|x64
		{338F85B9-D1BD-4B00-AD85-121BCF7EC6CA}.Debug|x64.Build.0 = Debug|x64
		{338F85B9-D1BD-4B00-AD85-121BCF7EC6CA}.Debug|x86.ActiveCfg = Debug|Win32
		{338F85B9-D1BD-4B00-AD85-121BCF7EC6CA}.Debug|x86.Build.0 = Debug|Win32
		{338F85B9-D1BD-4B00-AD85-121BCF7EC6CA}.Release|x64.ActiveCfg = Release|x64
		{338F85B9-D1BD-4B00-AD85-121BCF7EC6CA}.Release|x64.Build.0 = Release|x64
		{338F85B9-D1BD-4B00-AD85-121BCF7EC6CA}.Release|x86.ActiveCfg = Release|Win32
		{338F85B9-D1BD-4B00-AD85-121BCF7EC6CA}.Release|x86.Build.0 = Release|Win32
		{4BD4934F-27DE-4E6B-A3AB-DAC5DE86312E}.Debug|x64.ActiveCfg = Debug|x64
		{4BD4934F-27DE-4E6B-A3AB-DAC5DE86312E}.Debug|x64.Build.0 = Debug|x64
		{4BD4934F-27DE-4E6B-A3AB-DAC5DE86312E}.Debug|x86.ActiveCfg = Debug|Win32
		{4BD4934F-27DE-4E6B-A3AB-DAC5DE86312E}.Debug|x86.Build.0 = Debug|Win32
		{4BD4934F-27DE-4E6B-A3AB-DAC5DE86312E}.Release|x64.ActiveCfg = Release|x64
		{4BD4934F-27DE-4E6B-A3AB-DAC5DE86312E}.Release|x64.Build.0 = Release|x64
		{4BD4934F-27DE-4E6B-A3AB-DAC5DE86312E}.Release|x86.ActiveCfg = Release|Win32
		{4BD4934F-27DE-4E6B-A3AB-DAC5DE86312E}.Release|x86.Build.0 = Release|Win32
	EndGlobalSection
	GlobalSection(SolutionProperties) = preSolution
		HideSolutionNode = FALSE
	EndGlobalSection
	GlobalSection(ExtensibilityGlobals) = postSolution
		SolutionGuid = {E00DA597-7837-4605-AF3B-FB6A6E0AC328}
	EndGlobalSection
EndGlobal
