
Microsoft Visual Studio Solution File, Format Version 12.00
# Visual Studio Version 17
VisualStudioVersion = 17.14.36518.9 d17.14
MinimumVisualStudioVersion = 10.0.40219.1
Project("{8BC9CEB8-8B4A-11D0-8D11-00A0C91BC942}") = "conversorcsv", "conversorcsv\conversorcsv.vcxproj", "{40CF3FB3-AD27-482B-8FE1-407A30FCF274}"
EndProject
Project("{8BC9CEB8-8B4A-11D0-8D11-00A0C91BC942}") = "servicio_crow", "servicio_crow\servicio_crow.vcxproj", "{8F5CF829-B81C-4BF3-BA1B-825B82B71F5F}"
EndProject
Global
	GlobalSection(SolutionConfigurationPlatforms) = preSolution
		Debug|x64 = Debug|x64
		Debug|x86 = Debug|x86
		Release|x64 = Release|x64
		Release|x86 = Release|x86
	EndGlobalSection
	GlobalSection(ProjectConfigurationPlatforms) = postSolution
		{40CF3FB3-AD27-482B-8FE1-407A30FCF274}.Debug|x64.ActiveCfg = Debug|x64
		{40CF3FB3-AD27-482B-8FE1-407A30FCF274}.Debug|x64.Build.0 = Debug|x64
		{40CF3FB3-AD27-482B-8FE1-407A30FCF274}.Debug|x86.ActiveCfg = Debug|Win32
		{40CF3FB3-AD27-482B-8FE1-407A30FCF274}.Debug|x86.Build.0 = Debug|Win32
		{40CF3FB3-AD27-482B-8FE1-407A30FCF274}.Release|x64.ActiveCfg = Release|x64
		{40CF3FB3-AD27-482B-8FE1-407A30FCF274}.Release|x64.Build.0 = Release|x64
		{40CF3FB3-AD27-482B-8FE1-407A30FCF274}.Release|x86.ActiveCfg = Release|Win32
		{40CF3FB3-AD27-482B-8FE1-407A30FCF274}.Release|x86.Build.0 = Release|Win32
		{8F5CF829-B81C-4BF3-BA1B-825B82B71F5F}.Debug|x64.ActiveCfg = Debug|x64
		{8F5CF829-B81C-4BF3-BA1B-825B82B71F5F}.Debug|x64.Build.0 = Debug|x64
		{8F5CF829-B81C-4BF3-BA1B-825B82B71F5F}.Debug|x86.ActiveCfg = Debug|Win32
		{8F5CF829-B81C-4BF3-BA1B-825B82B71F5F}.Debug|x86.Build.0 = Debug|Win32
		{8F5CF829-B81C-4BF3-BA1B-825B82B71F5F}.Release|x64.ActiveCfg = Release|x64
		{8F5CF829-B81C-4BF3-BA1B-825B82B71F5F}.Release|x64.Build.0 = Release|x64
		{8F5CF829-B81C-4BF3-BA1B-825B82B71F5F}.Release|x86.ActiveCfg = Release|Win32
		{8F5CF829-B81C-4BF3-BA1B-825B82B71F5F}.Release|x86.Build.0 = Release|Win32
	EndGlobalSection
	GlobalSection(SolutionProperties) = preSolution
		HideSolutionNode = FALSE
	EndGlobalSection
	GlobalSection(ExtensibilityGlobals) = postSolution
		SolutionGuid = {5382F25B-E808-47F5-8774-8AD9C98A31BD}
	EndGlobalSection
EndGlobal
